
Microsoft Visual Studio Solution File, Format Version 12.00
# Visual Studio Version 17
VisualStudioVersion = 17.6.33723.286
MinimumVisualStudioVersion = 10.0.40219.1
Project("{FAE04EC0-301F-11D3-BF4B-00C04F79EFBC}") = "Elasticsearch.API", "Elasticsearch.API\Elasticsearch.API.csproj", "{2A63A2E8-EC29-4A86-91B8-D52F242BE8EB}"
EndProject
Global
	GlobalSection(SolutionConfigurationPlatforms) = preSolution
		Debug|Any CPU = Debug|Any CPU
		Release|Any CPU = Release|Any CPU
	EndGlobalSection
	GlobalSection(ProjectConfigurationPlatforms) = postSolution
		{2A63A2E8-EC29-4A86-91B8-D52F242BE8EB}.Debug|Any CPU.ActiveCfg = Debug|Any CPU
		{2A63A2E8-EC29-4A86-91B8-D52F242BE8EB}.Debug|Any CPU.Build.0 = Debug|Any CPU
		{2A63A2E8-EC29-4A86-91B8-D52F242BE8EB}.Release|Any CPU.ActiveCfg = Release|Any CPU
		{2A63A2E8-EC29-4A86-91B8-D52F242BE8EB}.Release|Any CPU.Build.0 = Release|Any CPU
	EndGlobalSection
	GlobalSection(SolutionProperties) = preSolution
		HideSolutionNode = FALSE
	EndGlobalSection
	GlobalSection(ExtensibilityGlobals) = postSolution
		SolutionGuid = {90E6D024-BFD3-4D4E-9062-54D69A3348F9}
	EndGlobalSection
EndGlobal
